
Microsoft Visual Studio Solution File, Format Version 12.00
# Visual Studio Version 16
VisualStudioVersion = 16.0.31005.135
MinimumVisualStudioVersion = 10.0.40219.1
Project("{9A19103F-16F7-4668-BE54-9A1E7A4F7556}") = "DndWebApp", "DndWebApp\DndWebApp.csproj", "{EA5E3A51-6B4E-43EC-907C-A0B05BE86646}"
EndProject
Project("{FAE04EC0-301F-11D3-BF4B-00C04F79EFBC}") = "Dnd.Dal", "Dnd.Dal\Dnd.Dal.csproj", "{3394860F-D39B-4F51-AF32-2F1486AC3344}"
EndProject
Global
	GlobalSection(SolutionConfigurationPlatforms) = preSolution
		Debug|Any CPU = Debug|Any CPU
		Release|Any CPU = Release|Any CPU
	EndGlobalSection
	GlobalSection(ProjectConfigurationPlatforms) = postSolution
		{EA5E3A51-6B4E-43EC-907C-A0B05BE86646}.Debug|Any CPU.ActiveCfg = Debug|Any CPU
		{EA5E3A51-6B4E-43EC-907C-A0B05BE86646}.Debug|Any CPU.Build.0 = Debug|Any CPU
		{EA5E3A51-6B4E-43EC-907C-A0B05BE86646}.Release|Any CPU.ActiveCfg = Release|Any CPU
		{EA5E3A51-6B4E-43EC-907C-A0B05BE86646}.Release|Any CPU.Build.0 = Release|Any CPU
		{3394860F-D39B-4F51-AF32-2F1486AC3344}.Debug|Any CPU.ActiveCfg = Debug|Any CPU
		{3394860F-D39B-4F51-AF32-2F1486AC3344}.Debug|Any CPU.Build.0 = Debug|Any CPU
		{3394860F-D39B-4F51-AF32-2F1486AC3344}.Release|Any CPU.ActiveCfg = Release|Any CPU
		{3394860F-D39B-4F51-AF32-2F1486AC3344}.Release|Any CPU.Build.0 = Release|Any CPU
	EndGlobalSection
	GlobalSection(SolutionProperties) = preSolution
		HideSolutionNode = FALSE
	EndGlobalSection
	GlobalSection(ExtensibilityGlobals) = postSolution
		SolutionGuid = {AA1D3ACF-20CC-4E5F-9CDF-B2F2D64F9374}
	EndGlobalSection
EndGlobal
